# This file is autogenerated, do not edit; changes may be undone by the next 'dep ensure'.


[[projects]]
  digest = "1:865079840386857c809b72ce300be7580cb50d3d3129ce11bf9aa6ca2bc1934a"
  name = "github.com/fatih/color"
  packages = ["."]
  pruneopts = "UT"
  revision = "5b77d2a35fb0ede96d138fc9a99f5c9b6aef11b4"
  version = "v1.7.0"

[[projects]]
  branch = "master"
  digest = "1:2453114bbcf43a1cea5dfcfd05e5b1d0c9e7ba05c7bcd6011320f260d1f18020"
  name = "github.com/gizak/termui"
  packages = ["."]
  pruneopts = "UT"
  revision = "9154a846562dc08782fbada2b825cb3dcabf56bc"

[[projects]]
  branch = "master"
  digest = "1:114ecad51af93a73ae6781fd0d0bc28e52b433c852b84ab4b4c109c15e6c6b6d"
  name = "github.com/jroimartin/gocui"
  packages = ["."]
  pruneopts = "UT"
  revision = "c055c87ae801372cd74a0839b972db4f7697ae5f"

[[projects]]
  branch = "master"
  digest = "1:2eeeebccad4f052e6037527e86b8114c6bfd184a97f84d4449a5ea6ad202c216"
  name = "github.com/maruel/panicparse"
  packages = ["stack"]
  pruneopts = "UT"
  revision = "f20d4c4d746f810c9110e21928d4135e1f2a3efa"

[[projects]]
  digest = "1:c658e84ad3916da105a761660dcaeb01e63416c8ec7bc62256a9b411a05fcd67"
  name = "github.com/mattn/go-colorable"
  packages = ["."]
  pruneopts = "UT"
  revision = "167de6bfdfba052fa6b2d3664c8f5272e23c9072"
  version = "v0.0.9"

[[projects]]
  digest = "1:d4d17353dbd05cb52a2a52b7fe1771883b682806f68db442b436294926bbfafb"
  name = "github.com/mattn/go-isatty"
  packages = ["."]
  pruneopts = "UT"
  revision = "0360b2af4f38e8d38c7fce2a9f4e702702d73a39"
  version = "v0.0.3"

[[projects]]
  digest = "1:cdb899c199f907ac9fb50495ec71212c95cb5b0e0a8ee0800da0238036091033"
  name = "github.com/mattn/go-runewidth"
  packages = ["."]
  pruneopts = "UT"
  revision = "ce7b0b5c7b45a81508558cd1dba6bb1e4ddb51bb"
  version = "v0.0.3"

[[projects]]
  branch = "master"
  digest = "1:83975fffd8faea1bbf3136fc64aa9e4e78a24978d64593d89af0c60256548fb2"
  name = "github.com/miguelmota/cointop"
  packages = [
    "pkg/color",
    "pkg/table",
    "pkg/table/align",
  ]
  pruneopts = "UT"
  revision = "c3ab40ceafe45c94298146589415420d72d877dc"

[[projects]]
  branch = "master"
  digest = "1:e68cd472b96cdf7c9f6971ac41bcc1d4d3b23d67c2a31d2399446e295bc88ae9"
  name = "github.com/mitchellh/go-wordwrap"
  packages = ["."]
  pruneopts = "UT"
  revision = "ad45545899c7b13c020ea92b2072220eefad42b8"

[[projects]]
  branch = "master"
  digest = "1:c9b6e36dbd23f8403a04493376916ca5dad8c01b2da5ae0a05e6a468eb0b6f24"
  name = "github.com/nsf/termbox-go"
  packages = ["."]
  pruneopts = "UT"
  revision = "5c94acc5e6eb520f1bcd183974e01171cc4c23b3"

[[projects]]
  branch = "master"
  digest = "1:0316a8ad208917f1d141b077e278980fd5e4594f3a85f835dacbf24d85798252"
  name = "golang.org/x/sys"
  packages = ["unix"]
  pruneopts = "UT"
  revision = "4e1fef5609515ec7a2cee7b5de30ba6d9b438cbf"

[solve-meta]
  analyzer-name = "dep"
  analyzer-version = 1
  input-imports = [
    "github.com/gizak/termui",
    "github.com/jroimartin/gocui",
    "github.com/miguelmota/cointop/pkg/color",
    "github.com/miguelmota/cointop/pkg/table",
  ]
  solver-name = "gps-cdcl"
  solver-version = 1
